// !$*UTF8*$!
{
	archiveVersion = 1;
	classes = {
	};
	objectVersion = 56;
	objects = {

/* Begin PBXBuildFile section */
		7780A3492B655FEB002B21F5 /* MapboxMaps in Frameworks */ = {isa = PBXBuildFile; productRef = 7780A3482B655FEB002B21F5 /* MapboxMaps */; };
		77A12F7D2B655E5100047DE5 /* MapboxSwiftUIApp.swift in Sources */ = {isa = PBXBuildFile; fileRef = 77A12F7C2B655E5100047DE5 /* MapboxSwiftUIApp.swift */; };
		77A12F7F2B655E5100047DE5 /* ContentView.swift in Sources */ = {isa = PBXBuildFile; fileRef = 77A12F7E2B655E5100047DE5 /* ContentView.swift */; };
		77A12F9F2B655ECE00047DE5 /* AnnotationsExample.swift in Sources */ = {isa = PBXBuildFile; fileRef = 77A12F8A2B655ECD00047DE5 /* AnnotationsExample.swift */; };
		77A12FA02B655ECE00047DE5 /* ClusteringExample.swift in Sources */ = {isa = PBXBuildFile; fileRef = 77A12F8B2B655ECD00047DE5 /* ClusteringExample.swift */; };
		77A12FA12B655ECE00047DE5 /* SwiftUIRoot.swift in Sources */ = {isa = PBXBuildFile; fileRef = 77A12F8C2B655ECD00047DE5 /* SwiftUIRoot.swift */; };
		77A12FA22B655ECE00047DE5 /* ViewAnnotationsExample.swift in Sources */ = {isa = PBXBuildFile; fileRef = 77A12F8D2B655ECD00047DE5 /* ViewAnnotationsExample.swift */; };
		77A12FA32B655ECE00047DE5 /* LocateMeExample.swift in Sources */ = {isa = PBXBuildFile; fileRef = 77A12F8E2B655ECD00047DE5 /* LocateMeExample.swift */; };
		77A12FA42B655ECE00047DE5 /* AnnotationsOrderTestExample.swift in Sources */ = {isa = PBXBuildFile; fileRef = 77A12F902B655ECD00047DE5 /* AnnotationsOrderTestExample.swift */; };
		77A12FA52B655ECE00047DE5 /* PuckPlayground.swift in Sources */ = {isa = PBXBuildFile; fileRef = 77A12F912B655ECD00047DE5 /* PuckPlayground.swift */; };
		77A12FA62B655ECE00047DE5 /* AttributionDialogueExamples.swift in Sources */ = {isa = PBXBuildFile; fileRef = 77A12F922B655ECD00047DE5 /* AttributionDialogueExamples.swift */; };
		77A12FA72B655ECE00047DE5 /* SimpleMapExample.swift in Sources */ = {isa = PBXBuildFile; fileRef = 77A12F932B655ECD00047DE5 /* SimpleMapExample.swift */; };
		77A12FA82B655ECE00047DE5 /* ViewportPlayground.swift in Sources */ = {isa = PBXBuildFile; fileRef = 77A12F942B655ECD00047DE5 /* ViewportPlayground.swift */; };
		77A12FA92B655ECE00047DE5 /* MapSettingsExample.swift in Sources */ = {isa = PBXBuildFile; fileRef = 77A12F952B655ECD00047DE5 /* MapSettingsExample.swift */; };
		77A12FAA2B655ECE00047DE5 /* StandardStyleImportExample.swift in Sources */ = {isa = PBXBuildFile; fileRef = 77A12F962B655ECD00047DE5 /* StandardStyleImportExample.swift */; };
		77A12FAB2B655ECE00047DE5 /* WeatherAnnotationExample.swift in Sources */ = {isa = PBXBuildFile; fileRef = 77A12F972B655ECE00047DE5 /* WeatherAnnotationExample.swift */; };
		77A12FAC2B655ECE00047DE5 /* StandardStyleLocationsExample.swift in Sources */ = {isa = PBXBuildFile; fileRef = 77A12F982B655ECE00047DE5 /* StandardStyleLocationsExample.swift */; };
		77A12FAD2B655ECE00047DE5 /* Constants.swift in Sources */ = {isa = PBXBuildFile; fileRef = 77A12F9A2B655ECE00047DE5 /* Constants.swift */; };
		77A12FAE2B655ECE00047DE5 /* ViewExtensions.swift in Sources */ = {isa = PBXBuildFile; fileRef = 77A12F9B2B655ECE00047DE5 /* ViewExtensions.swift */; };
		77A12FAF2B655ECE00047DE5 /* SwiftExtensions.swift in Sources */ = {isa = PBXBuildFile; fileRef = 77A12F9C2B655ECE00047DE5 /* SwiftExtensions.swift */; };
		77A12FB02B655ECE00047DE5 /* ButtonStyle.swift in Sources */ = {isa = PBXBuildFile; fileRef = 77A12F9D2B655ECE00047DE5 /* ButtonStyle.swift */; };
		77A12FB12B655ECE00047DE5 /* FeaturesQueryExample.swift in Sources */ = {isa = PBXBuildFile; fileRef = 77A12F9E2B655ECE00047DE5 /* FeaturesQueryExample.swift */; };
		77A12FB82B655F3A00047DE5 /* Assets.xcassets in Resources */ = {isa = PBXBuildFile; fileRef = 77A12FB72B655F3A00047DE5 /* Assets.xcassets */; };
/* End PBXBuildFile section */

/* Begin PBXFileReference section */
		7780A34A2B656065002B21F5 /* Info.plist */ = {isa = PBXFileReference; lastKnownFileType = text.plist; path = Info.plist; sourceTree = "<group>"; };
		77A12F792B655E5100047DE5 /* MapboxSwiftUI.app */ = {isa = PBXFileReference; explicitFileType = wrapper.application; includeInIndex = 0; path = MapboxSwiftUI.app; sourceTree = BUILT_PRODUCTS_DIR; };
		77A12F7C2B655E5100047DE5 /* MapboxSwiftUIApp.swift */ = {isa = PBXFileReference; lastKnownFileType = sourcecode.swift; path = MapboxSwiftUIApp.swift; sourceTree = "<group>"; };
		77A12F7E2B655E5100047DE5 /* ContentView.swift */ = {isa = PBXFileReference; lastKnownFileType = sourcecode.swift; path = ContentView.swift; sourceTree = "<group>"; };
		77A12F8A2B655ECD00047DE5 /* AnnotationsExample.swift */ = {isa = PBXFileReference; fileEncoding = 4; lastKnownFileType = sourcecode.swift; path = AnnotationsExample.swift; sourceTree = "<group>"; };
		77A12F8B2B655ECD00047DE5 /* ClusteringExample.swift */ = {isa = PBXFileReference; fileEncoding = 4; lastKnownFileType = sourcecode.swift; path = ClusteringExample.swift; sourceTree = "<group>"; };
		77A12F8C2B655ECD00047DE5 /* SwiftUIRoot.swift */ = {isa = PBXFileReference; fileEncoding = 4; lastKnownFileType = sourcecode.swift; path = SwiftUIRoot.swift; sourceTree = "<group>"; };
		77A12F8D2B655ECD00047DE5 /* ViewAnnotationsExample.swift */ = {isa = PBXFileReference; fileEncoding = 4; lastKnownFileType = sourcecode.swift; path = ViewAnnotationsExample.swift; sourceTree = "<group>"; };
		77A12F8E2B655ECD00047DE5 /* LocateMeExample.swift */ = {isa = PBXFileReference; fileEncoding = 4; lastKnownFileType = sourcecode.swift; path = LocateMeExample.swift; sourceTree = "<group>"; };
		77A12F902B655ECD00047DE5 /* AnnotationsOrderTestExample.swift */ = {isa = PBXFileReference; fileEncoding = 4; lastKnownFileType = sourcecode.swift; path = AnnotationsOrderTestExample.swift; sourceTree = "<group>"; };
		77A12F912B655ECD00047DE5 /* PuckPlayground.swift */ = {isa = PBXFileReference; fileEncoding = 4; lastKnownFileType = sourcecode.swift; path = PuckPlayground.swift; sourceTree = "<group>"; };
		77A12F922B655ECD00047DE5 /* AttributionDialogueExamples.swift */ = {isa = PBXFileReference; fileEncoding = 4; lastKnownFileType = sourcecode.swift; path = AttributionDialogueExamples.swift; sourceTree = "<group>"; };
		77A12F932B655ECD00047DE5 /* SimpleMapExample.swift */ = {isa = PBXFileReference; fileEncoding = 4; lastKnownFileType = sourcecode.swift; path = SimpleMapExample.swift; sourceTree = "<group>"; };
		77A12F942B655ECD00047DE5 /* ViewportPlayground.swift */ = {isa = PBXFileReference; fileEncoding = 4; lastKnownFileType = sourcecode.swift; path = ViewportPlayground.swift; sourceTree = "<group>"; };
		77A12F952B655ECD00047DE5 /* MapSettingsExample.swift */ = {isa = PBXFileReference; fileEncoding = 4; lastKnownFileType = sourcecode.swift; path = MapSettingsExample.swift; sourceTree = "<group>"; };
		77A12F962B655ECD00047DE5 /* StandardStyleImportExample.swift */ = {isa = PBXFileReference; fileEncoding = 4; lastKnownFileType = sourcecode.swift; path = StandardStyleImportExample.swift; sourceTree = "<group>"; };
		77A12F972B655ECE00047DE5 /* WeatherAnnotationExample.swift */ = {isa = PBXFileReference; fileEncoding = 4; lastKnownFileType = sourcecode.swift; path = WeatherAnnotationExample.swift; sourceTree = "<group>"; };
		77A12F982B655ECE00047DE5 /* StandardStyleLocationsExample.swift */ = {isa = PBXFileReference; fileEncoding = 4; lastKnownFileType = sourcecode.swift; path = StandardStyleLocationsExample.swift; sourceTree = "<group>"; };
		77A12F9A2B655ECE00047DE5 /* Constants.swift */ = {isa = PBXFileReference; fileEncoding = 4; lastKnownFileType = sourcecode.swift; path = Constants.swift; sourceTree = "<group>"; };
		77A12F9B2B655ECE00047DE5 /* ViewExtensions.swift */ = {isa = PBXFileReference; fileEncoding = 4; lastKnownFileType = sourcecode.swift; path = ViewExtensions.swift; sourceTree = "<group>"; };
		77A12F9C2B655ECE00047DE5 /* SwiftExtensions.swift */ = {isa = PBXFileReference; fileEncoding = 4; lastKnownFileType = sourcecode.swift; path = SwiftExtensions.swift; sourceTree = "<group>"; };
		77A12F9D2B655ECE00047DE5 /* ButtonStyle.swift */ = {isa = PBXFileReference; fileEncoding = 4; lastKnownFileType = sourcecode.swift; path = ButtonStyle.swift; sourceTree = "<group>"; };
		77A12F9E2B655ECE00047DE5 /* FeaturesQueryExample.swift */ = {isa = PBXFileReference; fileEncoding = 4; lastKnownFileType = sourcecode.swift; path = FeaturesQueryExample.swift; sourceTree = "<group>"; };
		77A12FB72B655F3A00047DE5 /* Assets.xcassets */ = {isa = PBXFileReference; lastKnownFileType = folder.assetcatalog; path = Assets.xcassets; sourceTree = "<group>"; };
/* End PBXFileReference section */

/* Begin PBXFrameworksBuildPhase section */
		77A12F762B655E5100047DE5 /* Frameworks */ = {
			isa = PBXFrameworksBuildPhase;
			buildActionMask = 2147483647;
			files = (
				7780A3492B655FEB002B21F5 /* MapboxMaps in Frameworks */,
			);
			runOnlyForDeploymentPostprocessing = 0;
		};
/* End PBXFrameworksBuildPhase section */

/* Begin PBXGroup section */
		77A12F702B655E5100047DE5 = {
			isa = PBXGroup;
			children = (
				77A12F7B2B655E5100047DE5 /* MapboxSwiftUI */,
				77A12F7A2B655E5100047DE5 /* Products */,
			);
			sourceTree = "<group>";
		};
		77A12F7A2B655E5100047DE5 /* Products */ = {
			isa = PBXGroup;
			children = (
				77A12F792B655E5100047DE5 /* MapboxSwiftUI.app */,
			);
			name = Products;
			sourceTree = "<group>";
		};
		77A12F7B2B655E5100047DE5 /* MapboxSwiftUI */ = {
			isa = PBXGroup;
			children = (
				7780A34A2B656065002B21F5 /* Info.plist */,
				77A12F7C2B655E5100047DE5 /* MapboxSwiftUIApp.swift */,
				77A12F7E2B655E5100047DE5 /* ContentView.swift */,
				77A12F8A2B655ECD00047DE5 /* AnnotationsExample.swift */,
				77A12F8B2B655ECD00047DE5 /* ClusteringExample.swift */,
				77A12F9E2B655ECE00047DE5 /* FeaturesQueryExample.swift */,
				77A12F8E2B655ECD00047DE5 /* LocateMeExample.swift */,
				77A12F962B655ECD00047DE5 /* StandardStyleImportExample.swift */,
				77A12F982B655ECE00047DE5 /* StandardStyleLocationsExample.swift */,
				77A12F8C2B655ECD00047DE5 /* SwiftUIRoot.swift */,
				77A12F8F2B655ECD00047DE5 /* Testing Examples */,
				77A12F992B655ECE00047DE5 /* Util */,
				77A12F8D2B655ECD00047DE5 /* ViewAnnotationsExample.swift */,
				77A12F972B655ECE00047DE5 /* WeatherAnnotationExample.swift */,
				77A12FB72B655F3A00047DE5 /* Assets.xcassets */,
				77A12FB32B655EE400047DE5 /* Preview Content */,
			);
			path = MapboxSwiftUI;
			sourceTree = "<group>";
		};
		77A12F8F2B655ECD00047DE5 /* Testing Examples */ = {
			isa = PBXGroup;
			children = (
				77A12F902B655ECD00047DE5 /* AnnotationsOrderTestExample.swift */,
				77A12F912B655ECD00047DE5 /* PuckPlayground.swift */,
				77A12F922B655ECD00047DE5 /* AttributionDialogueExamples.swift */,
				77A12F932B655ECD00047DE5 /* SimpleMapExample.swift */,
				77A12F942B655ECD00047DE5 /* ViewportPlayground.swift */,
				77A12F952B655ECD00047DE5 /* MapSettingsExample.swift */,
			);
			path = "Testing Examples";
			sourceTree = "<group>";
		};
		77A12F992B655ECE00047DE5 /* Util */ = {
			isa = PBXGroup;
			children = (
				77A12F9A2B655ECE00047DE5 /* Constants.swift */,
				77A12F9B2B655ECE00047DE5 /* ViewExtensions.swift */,
				77A12F9C2B655ECE00047DE5 /* SwiftExtensions.swift */,
				77A12F9D2B655ECE00047DE5 /* ButtonStyle.swift */,
			);
			path = Util;
			sourceTree = "<group>";
		};
		77A12FB32B655EE400047DE5 /* Preview Content */ = {
			isa = PBXGroup;
			children = (
			);
			path = "Preview Content";
			sourceTree = "<group>";
		};
/* End PBXGroup section */

/* Begin PBXNativeTarget section */
		77A12F782B655E5100047DE5 /* MapboxSwiftUI */ = {
			isa = PBXNativeTarget;
			buildConfigurationList = 77A12F872B655E5300047DE5 /* Build configuration list for PBXNativeTarget "MapboxSwiftUI" */;
			buildPhases = (
				77A12F752B655E5100047DE5 /* Sources */,
				77A12F762B655E5100047DE5 /* Frameworks */,
				77A12F772B655E5100047DE5 /* Resources */,
			);
			buildRules = (
			);
			dependencies = (
			);
			name = MapboxSwiftUI;
			packageProductDependencies = (
				7780A3482B655FEB002B21F5 /* MapboxMaps */,
			);
			productName = MapboxSwiftUI;
			productReference = 77A12F792B655E5100047DE5 /* MapboxSwiftUI.app */;
			productType = "com.apple.product-type.application";
		};
/* End PBXNativeTarget section */

/* Begin PBXProject section */
		77A12F712B655E5100047DE5 /* Project object */ = {
			isa = PBXProject;
			attributes = {
				BuildIndependentTargetsInParallel = 1;
				LastSwiftUpdateCheck = 1520;
				LastUpgradeCheck = 1520;
				TargetAttributes = {
					77A12F782B655E5100047DE5 = {
						CreatedOnToolsVersion = 15.2;
					};
				};
			};
			buildConfigurationList = 77A12F742B655E5100047DE5 /* Build configuration list for PBXProject "MapboxSwiftUI" */;
			compatibilityVersion = "Xcode 14.0";
			developmentRegion = en;
			hasScannedForEncodings = 0;
			knownRegions = (
				en,
				Base,
			);
			mainGroup = 77A12F702B655E5100047DE5;
			packageReferences = (
				7780A3472B655FEB002B21F5 /* XCRemoteSwiftPackageReference "mapbox-maps-ios" */,
			);
			productRefGroup = 77A12F7A2B655E5100047DE5 /* Products */;
			projectDirPath = "";
			projectRoot = "";
			targets = (
				77A12F782B655E5100047DE5 /* MapboxSwiftUI */,
			);
		};
/* End PBXProject section */

/* Begin PBXResourcesBuildPhase section */
		77A12F772B655E5100047DE5 /* Resources */ = {
			isa = PBXResourcesBuildPhase;
			buildActionMask = 2147483647;
			files = (
				77A12FB82B655F3A00047DE5 /* Assets.xcassets in Resources */,
			);
			runOnlyForDeploymentPostprocessing = 0;
		};
/* End PBXResourcesBuildPhase section */

/* Begin PBXSourcesBuildPhase section */
		77A12F752B655E5100047DE5 /* Sources */ = {
			isa = PBXSourcesBuildPhase;
			buildActionMask = 2147483647;
			files = (
				77A12FA82B655ECE00047DE5 /* ViewportPlayground.swift in Sources */,
				77A12FAD2B655ECE00047DE5 /* Constants.swift in Sources */,
				77A12FA32B655ECE00047DE5 /* LocateMeExample.swift in Sources */,
				77A12F7F2B655E5100047DE5 /* ContentView.swift in Sources */,
				77A12FAF2B655ECE00047DE5 /* SwiftExtensions.swift in Sources */,
				77A12FAE2B655ECE00047DE5 /* ViewExtensions.swift in Sources */,
				77A12F9F2B655ECE00047DE5 /* AnnotationsExample.swift in Sources */,
				77A12FA12B655ECE00047DE5 /* SwiftUIRoot.swift in Sources */,
				77A12FA02B655ECE00047DE5 /* ClusteringExample.swift in Sources */,
				77A12FA22B655ECE00047DE5 /* ViewAnnotationsExample.swift in Sources */,
				77A12FB12B655ECE00047DE5 /* FeaturesQueryExample.swift in Sources */,
				77A12FA92B655ECE00047DE5 /* MapSettingsExample.swift in Sources */,
				77A12FAC2B655ECE00047DE5 /* StandardStyleLocationsExample.swift in Sources */,
				77A12FAB2B655ECE00047DE5 /* WeatherAnnotationExample.swift in Sources */,
				77A12FB02B655ECE00047DE5 /* ButtonStyle.swift in Sources */,
				77A12FA62B655ECE00047DE5 /* AttributionDialogueExamples.swift in Sources */,
				77A12FA42B655ECE00047DE5 /* AnnotationsOrderTestExample.swift in Sources */,
				77A12FAA2B655ECE00047DE5 /* StandardStyleImportExample.swift in Sources */,
				77A12FA72B655ECE00047DE5 /* SimpleMapExample.swift in Sources */,
				77A12FA52B655ECE00047DE5 /* PuckPlayground.swift in Sources */,
				77A12F7D2B655E5100047DE5 /* MapboxSwiftUIApp.swift in Sources */,
			);
			runOnlyForDeploymentPostprocessing = 0;
		};
/* End PBXSourcesBuildPhase section */

/* Begin XCBuildConfiguration section */
		77A12F852B655E5300047DE5 /* Debug */ = {
			isa = XCBuildConfiguration;
			buildSettings = {
				ALWAYS_SEARCH_USER_PATHS = NO;
				ASSETCATALOG_COMPILER_GENERATE_SWIFT_ASSET_SYMBOL_EXTENSIONS = YES;
				CLANG_ANALYZER_NONNULL = YES;
				CLANG_ANALYZER_NUMBER_OBJECT_CONVERSION = YES_AGGRESSIVE;
				CLANG_CXX_LANGUAGE_STANDARD = "gnu++20";
				CLANG_ENABLE_MODULES = YES;
				CLANG_ENABLE_OBJC_ARC = YES;
				CLANG_ENABLE_OBJC_WEAK = YES;
				CLANG_WARN_BLOCK_CAPTURE_AUTORELEASING = YES;
				CLANG_WARN_BOOL_CONVERSION = YES;
				CLANG_WARN_COMMA = YES;
				CLANG_WARN_CONSTANT_CONVERSION = YES;
				CLANG_WARN_DEPRECATED_OBJC_IMPLEMENTATIONS = YES;
				CLANG_WARN_DIRECT_OBJC_ISA_USAGE = YES_ERROR;
				CLANG_WARN_DOCUMENTATION_COMMENTS = YES;
				CLANG_WARN_EMPTY_BODY = YES;
				CLANG_WARN_ENUM_CONVERSION = YES;
				CLANG_WARN_INFINITE_RECURSION = YES;
				CLANG_WARN_INT_CONVERSION = YES;
				CLANG_WARN_NON_LITERAL_NULL_CONVERSION = YES;
				CLANG_WARN_OBJC_IMPLICIT_RETAIN_SELF = YES;
				CLANG_WARN_OBJC_LITERAL_CONVERSION = YES;
				CLANG_WARN_OBJC_ROOT_CLASS = YES_ERROR;
				CLANG_WARN_QUOTED_INCLUDE_IN_FRAMEWORK_HEADER = YES;
				CLANG_WARN_RANGE_LOOP_ANALYSIS = YES;
				CLANG_WARN_STRICT_PROTOTYPES = YES;
				CLANG_WARN_SUSPICIOUS_MOVE = YES;
				CLANG_WARN_UNGUARDED_AVAILABILITY = YES_AGGRESSIVE;
				CLANG_WARN_UNREACHABLE_CODE = YES;
				CLANG_WARN__DUPLICATE_METHOD_MATCH = YES;
				COPY_PHASE_STRIP = NO;
				DEBUG_INFORMATION_FORMAT = dwarf;
				ENABLE_STRICT_OBJC_MSGSEND = YES;
				ENABLE_TESTABILITY = YES;
				ENABLE_USER_SCRIPT_SANDBOXING = YES;
				GCC_C_LANGUAGE_STANDARD = gnu17;
				GCC_DYNAMIC_NO_PIC = NO;
				GCC_NO_COMMON_BLOCKS = YES;
				GCC_OPTIMIZATION_LEVEL = 0;
				GCC_PREPROCESSOR_DEFINITIONS = (
					"DEBUG=1",
					"$(inherited)",
				);
				GCC_WARN_64_TO_32_BIT_CONVERSION = YES;
				GCC_WARN_ABOUT_RETURN_TYPE = YES_ERROR;
				GCC_WARN_UNDECLARED_SELECTOR = YES;
				GCC_WARN_UNINITIALIZED_AUTOS = YES_AGGRESSIVE;
				GCC_WARN_UNUSED_FUNCTION = YES;
				GCC_WARN_UNUSED_VARIABLE = YES;
				IPHONEOS_DEPLOYMENT_TARGET = 17.2;
				LOCALIZATION_PREFERS_STRING_CATALOGS = YES;
				MTL_ENABLE_DEBUG_INFO = INCLUDE_SOURCE;
				MTL_FAST_MATH = YES;
				ONLY_ACTIVE_ARCH = YES;
				SDKROOT = iphoneos;
				SWIFT_ACTIVE_COMPILATION_CONDITIONS = "DEBUG $(inherited)";
				SWIFT_OPTIMIZATION_LEVEL = "-Onone";
			};
			name = Debug;
		};
		77A12F862B655E5300047DE5 /* Release */ = {
			isa = XCBuildConfiguration;
			buildSettings = {
				ALWAYS_SEARCH_USER_PATHS = NO;
				ASSETCATALOG_COMPILER_GENERATE_SWIFT_ASSET_SYMBOL_EXTENSIONS = YES;
				CLANG_ANALYZER_NONNULL = YES;
				CLANG_ANALYZER_NUMBER_OBJECT_CONVERSION = YES_AGGRESSIVE;
				CLANG_CXX_LANGUAGE_STANDARD = "gnu++20";
				CLANG_ENABLE_MODULES = YES;
				CLANG_ENABLE_OBJC_ARC = YES;
				CLANG_ENABLE_OBJC_WEAK = YES;
				CLANG_WARN_BLOCK_CAPTURE_AUTORELEASING = YES;
				CLANG_WARN_BOOL_CONVERSION = YES;
				CLANG_WARN_COMMA = YES;
				CLANG_WARN_CONSTANT_CONVERSION = YES;
				CLANG_WARN_DEPRECATED_OBJC_IMPLEMENTATIONS = YES;
				CLANG_WARN_DIRECT_OBJC_ISA_USAGE = YES_ERROR;
				CLANG_WARN_DOCUMENTATION_COMMENTS = YES;
				CLANG_WARN_EMPTY_BODY = YES;
				CLANG_WARN_ENUM_CONVERSION = YES;
				CLANG_WARN_INFINITE_RECURSION = YES;
				CLANG_WARN_INT_CONVERSION = YES;
				CLANG_WARN_NON_LITERAL_NULL_CONVERSION = YES;
				CLANG_WARN_OBJC_IMPLICIT_RETAIN_SELF = YES;
				CLANG_WARN_OBJC_LITERAL_CONVERSION = YES;
				CLANG_WARN_OBJC_ROOT_CLASS = YES_ERROR;
				CLANG_WARN_QUOTED_INCLUDE_IN_FRAMEWORK_HEADER = YES;
				CLANG_WARN_RANGE_LOOP_ANALYSIS = YES;
				CLANG_WARN_STRICT_PROTOTYPES = YES;
				CLANG_WARN_SUSPICIOUS_MOVE = YES;
				CLANG_WARN_UNGUARDED_AVAILABILITY = YES_AGGRESSIVE;
				CLANG_WARN_UNREACHABLE_CODE = YES;
				CLANG_WARN__DUPLICATE_METHOD_MATCH = YES;
				COPY_PHASE_STRIP = NO;
				DEBUG_INFORMATION_FORMAT = "dwarf-with-dsym";
				ENABLE_NS_ASSERTIONS = NO;
				ENABLE_STRICT_OBJC_MSGSEND = YES;
				ENABLE_USER_SCRIPT_SANDBOXING = YES;
				GCC_C_LANGUAGE_STANDARD = gnu17;
				GCC_NO_COMMON_BLOCKS = YES;
				GCC_WARN_64_TO_32_BIT_CONVERSION = YES;
				GCC_WARN_ABOUT_RETURN_TYPE = YES_ERROR;
				GCC_WARN_UNDECLARED_SELECTOR = YES;
				GCC_WARN_UNINITIALIZED_AUTOS = YES_AGGRESSIVE;
				GCC_WARN_UNUSED_FUNCTION = YES;
				GCC_WARN_UNUSED_VARIABLE = YES;
				IPHONEOS_DEPLOYMENT_TARGET = 17.2;
				LOCALIZATION_PREFERS_STRING_CATALOGS = YES;
				MTL_ENABLE_DEBUG_INFO = NO;
				MTL_FAST_MATH = YES;
				SDKROOT = iphoneos;
				SWIFT_COMPILATION_MODE = wholemodule;
				VALIDATE_PRODUCT = YES;
			};
			name = Release;
		};
		77A12F882B655E5300047DE5 /* Debug */ = {
			isa = XCBuildConfiguration;
			buildSettings = {
				ASSETCATALOG_COMPILER_APPICON_NAME = AppIcon;
				ASSETCATALOG_COMPILER_GLOBAL_ACCENT_COLOR_NAME = AccentColor;
				CODE_SIGN_STYLE = Automatic;
				CURRENT_PROJECT_VERSION = 1;
				DEVELOPMENT_ASSET_PATHS = "\"MapboxSwiftUI/Preview Content\"";
				DEVELOPMENT_TEAM = ZQXV2YB52C;
				ENABLE_PREVIEWS = YES;
				GENERATE_INFOPLIST_FILE = YES;
				INFOPLIST_FILE = MapboxSwiftUI/Info.plist;
				INFOPLIST_KEY_UIApplicationSceneManifest_Generation = YES;
				INFOPLIST_KEY_UIApplicationSupportsIndirectInputEvents = YES;
				INFOPLIST_KEY_UILaunchScreen_Generation = YES;
				INFOPLIST_KEY_UISupportedInterfaceOrientations_iPad = "UIInterfaceOrientationPortrait UIInterfaceOrientationPortraitUpsideDown UIInterfaceOrientationLandscapeLeft UIInterfaceOrientationLandscapeRight";
				INFOPLIST_KEY_UISupportedInterfaceOrientations_iPhone = "UIInterfaceOrientationPortrait UIInterfaceOrientationLandscapeLeft UIInterfaceOrientationLandscapeRight";
				LD_RUNPATH_SEARCH_PATHS = (
					"$(inherited)",
					"@executable_path/Frameworks",
				);
				MARKETING_VERSION = 1.0;
				PRODUCT_BUNDLE_IDENTIFIER = AdeStudios.MapboxSwiftUI;
				PRODUCT_NAME = "$(TARGET_NAME)";
				SWIFT_EMIT_LOC_STRINGS = YES;
				SWIFT_VERSION = 5.0;
				TARGETED_DEVICE_FAMILY = "1,2";
			};
			name = Debug;
		};
		77A12F892B655E5300047DE5 /* Release */ = {
			isa = XCBuildConfiguration;
			buildSettings = {
				ASSETCATALOG_COMPILER_APPICON_NAME = AppIcon;
				ASSETCATALOG_COMPILER_GLOBAL_ACCENT_COLOR_NAME = AccentColor;
				CODE_SIGN_STYLE = Automatic;
				CURRENT_PROJECT_VERSION = 1;
				DEVELOPMENT_ASSET_PATHS = "\"MapboxSwiftUI/Preview Content\"";
				DEVELOPMENT_TEAM = ZQXV2YB52C;
				ENABLE_PREVIEWS = YES;
				GENERATE_INFOPLIST_FILE = YES;
				INFOPLIST_FILE = MapboxSwiftUI/Info.plist;
				INFOPLIST_KEY_UIApplicationSceneManifest_Generation = YES;
				INFOPLIST_KEY_UIApplicationSupportsIndirectInputEvents = YES;
				INFOPLIST_KEY_UILaunchScreen_Generation = YES;
				INFOPLIST_KEY_UISupportedInterfaceOrientations_iPad = "UIInterfaceOrientationPortrait UIInterfaceOrientationPortraitUpsideDown UIInterfaceOrientationLandscapeLeft UIInterfaceOrientationLandscapeRight";
				INFOPLIST_KEY_UISupportedInterfaceOrientations_iPhone = "UIInterfaceOrientationPortrait UIInterfaceOrientationLandscapeLeft UIInterfaceOrientationLandscapeRight";
				LD_RUNPATH_SEARCH_PATHS = (
					"$(inherited)",
					"@executable_path/Frameworks",
				);
				MARKETING_VERSION = 1.0;
				PRODUCT_BUNDLE_IDENTIFIER = AdeStudios.MapboxSwiftUI;
				PRODUCT_NAME = "$(TARGET_NAME)";
				SWIFT_EMIT_LOC_STRINGS = YES;
				SWIFT_VERSION = 5.0;
				TARGETED_DEVICE_FAMILY = "1,2";
			};
			name = Release;
		};
/* End XCBuildConfiguration section */

/* Begin XCConfigurationList section */
		77A12F742B655E5100047DE5 /* Build configuration list for PBXProject "MapboxSwiftUI" */ = {
			isa = XCConfigurationList;
			buildConfigurations = (
				77A12F852B655E5300047DE5 /* Debug */,
				77A12F862B655E5300047DE5 /* Release */,
			);
			defaultConfigurationIsVisible = 0;
			defaultConfigurationName = Release;
		};
		77A12F872B655E5300047DE5 /* Build configuration list for PBXNativeTarget "MapboxSwiftUI" */ = {
			isa = XCConfigurationList;
			buildConfigurations = (
				77A12F882B655E5300047DE5 /* Debug */,
				77A12F892B655E5300047DE5 /* Release */,
			);
			defaultConfigurationIsVisible = 0;
			defaultConfigurationName = Release;
		};
/* End XCConfigurationList section */

/* Begin XCRemoteSwiftPackageReference section */
		7780A3472B655FEB002B21F5 /* XCRemoteSwiftPackageReference "mapbox-maps-ios" */ = {
			isa = XCRemoteSwiftPackageReference;
			repositoryURL = "https://github.com/mapbox/mapbox-maps-ios.git";
			requirement = {
				kind = upToNextMajorVersion;
				minimumVersion = 11.1.0;
			};
		};
/* End XCRemoteSwiftPackageReference section */

/* Begin XCSwiftPackageProductDependency section */
		7780A3482B655FEB002B21F5 /* MapboxMaps */ = {
			isa = XCSwiftPackageProductDependency;
			package = 7780A3472B655FEB002B21F5 /* XCRemoteSwiftPackageReference "mapbox-maps-ios" */;
			productName = MapboxMaps;
		};
/* End XCSwiftPackageProductDependency section */
	};
	rootObject = 77A12F712B655E5100047DE5 /* Project object */;
}
